Microsoft Visual Studio Solution File, Format Version 12.00
# Visual Studio Version 17
VisualStudioVersion = 17.9.34407.89
MinimumVisualStudioVersion = 10.0.40219.1
Project("{2150E333-8FDC-42A3-9474-1A3956D46DE8}") = "Solution Items", "Solution Items", "{01DA0B27-68C0-4911-B3E2-BA8977B1FA50}"
	ProjectSection(SolutionItems) = preProject
		.editorconfig = .editorconfig
		todo.md = todo.md
	EndProjectSection
EndProject
Project("{9A19103F-16F7-4668-BE54-9A1E7A4F7556}") = "cycloid.Wahoo", "cycloid.Wahoo\cycloid.Wahoo.csproj", "{095A45AC-EEE8-4251-9BE7-578223A6DC1A}"
EndProject
Project("{C7167F0D-BC9F-4E6E-AFE1-012C56B48DB5}") = "cycloid.Package", "cycloid.Package\cycloid.Package.wapproj", "{439902FD-2D44-43B5-A0B5-E6669EB38835}"
EndProject
Project("{FAE04EC0-301F-11D3-BF4B-00C04F79EFBC}") = "ConsoleApp1", "ConsoleApp1\ConsoleApp1.csproj", "{AC6568CC-B30B-4CEC-A994-DC164AA68E7F}"
EndProject
Project("{FAE04EC0-301F-11D3-BF4B-00C04F79EFBC}") = "cycloid.Core", "cycloid.Core\cycloid.Core.csproj", "{DCDB4EB9-AD80-495C-856C-AD1BA7335B9E}"
EndProject
Project("{FAE04EC0-301F-11D3-BF4B-00C04F79EFBC}") = "cycloid.Test", "cycloid.Test\cycloid.Test.csproj", "{9873B05A-BBBF-44F4-B6D7-34C4D71A9CA3}"
EndProject
Project("{FAE04EC0-301F-11D3-BF4B-00C04F79EFBC}") = "cycloid.UWP", "cycloid.UWP\cycloid.UWP.csproj", "{8D85E6E8-52A9-4094-B0A3-9856C4B29240}"
EndProject
Project("{FAE04EC0-301F-11D3-BF4B-00C04F79EFBC}") = "Microsoft.UI.Xaml.Projection", "Microsoft.UI.Xaml.Projection\Microsoft.UI.Xaml.Projection.csproj", "{56E17F12-AC15-414F-BCBB-56DEE408882B}"
EndProject
Project("{FAE04EC0-301F-11D3-BF4B-00C04F79EFBC}") = "Microsoft.VisualStudio.Threading", "Microsoft.VisualStudio.Threading\Microsoft.VisualStudio.Threading.csproj", "{5A7B4AA6-AEF5-4BAF-A12D-60BD75E21F99}"
EndProject
Global
	GlobalSection(SolutionConfigurationPlatforms) = preSolution
		Debug|Any CPU = Debug|Any CPU
		Optimized|Any CPU = Optimized|Any CPU
		Package Release|Any CPU = Package Release|Any CPU
		Release|Any CPU = Release|Any CPU
	EndGlobalSection
	GlobalSection(ProjectConfigurationPlatforms) = postSolution
		{095A45AC-EEE8-4251-9BE7-578223A6DC1A}.Debug|Any CPU.ActiveCfg = Debug|Any CPU
		{095A45AC-EEE8-4251-9BE7-578223A6DC1A}.Debug|Any CPU.Build.0 = Debug|Any CPU
		{095A45AC-EEE8-4251-9BE7-578223A6DC1A}.Optimized|Any CPU.ActiveCfg = Release|x64
		{095A45AC-EEE8-4251-9BE7-578223A6DC1A}.Optimized|Any CPU.Build.0 = Release|x64
		{095A45AC-EEE8-4251-9BE7-578223A6DC1A}.Package Release|Any CPU.ActiveCfg = Release|x64
		{095A45AC-EEE8-4251-9BE7-578223A6DC1A}.Package Release|Any CPU.Build.0 = Release|x64
		{095A45AC-EEE8-4251-9BE7-578223A6DC1A}.Release|Any CPU.ActiveCfg = Release|Any CPU
		{095A45AC-EEE8-4251-9BE7-578223A6DC1A}.Release|Any CPU.Build.0 = Release|Any CPU
		{439902FD-2D44-43B5-A0B5-E6669EB38835}.Debug|Any CPU.ActiveCfg = Debug|x64
		{439902FD-2D44-43B5-A0B5-E6669EB38835}.Optimized|Any CPU.ActiveCfg = Release|x64
		{439902FD-2D44-43B5-A0B5-E6669EB38835}.Package Release|Any CPU.ActiveCfg = Release|x64
		{439902FD-2D44-43B5-A0B5-E6669EB38835}.Package Release|Any CPU.Build.0 = Release|x64
		{439902FD-2D44-43B5-A0B5-E6669EB38835}.Package Release|Any CPU.Deploy.0 = Release|x64
		{439902FD-2D44-43B5-A0B5-E6669EB38835}.Release|Any CPU.ActiveCfg = Release|x64
		{439902FD-2D44-43B5-A0B5-E6669EB38835}.Release|Any CPU.Build.0 = Release|x64
		{439902FD-2D44-43B5-A0B5-E6669EB38835}.Release|Any CPU.Deploy.0 = Release|x64
		{AC6568CC-B30B-4CEC-A994-DC164AA68E7F}.Debug|Any CPU.ActiveCfg = Debug|Any CPU
		{AC6568CC-B30B-4CEC-A994-DC164AA68E7F}.Debug|Any CPU.Build.0 = Debug|Any CPU
		{AC6568CC-B30B-4CEC-A994-DC164AA68E7F}.Optimized|Any CPU.ActiveCfg = Release|Any CPU
		{AC6568CC-B30B-4CEC-A994-DC164AA68E7F}.Optimized|Any CPU.Build.0 = Release|Any CPU
		{AC6568CC-B30B-4CEC-A994-DC164AA68E7F}.Package Release|Any CPU.ActiveCfg = Release|Any CPU
		{AC6568CC-B30B-4CEC-A994-DC164AA68E7F}.Release|Any CPU.ActiveCfg = Release|Any CPU
		{AC6568CC-B30B-4CEC-A994-DC164AA68E7F}.Release|Any CPU.Build.0 = Release|Any CPU
		{DCDB4EB9-AD80-495C-856C-AD1BA7335B9E}.Debug|Any CPU.ActiveCfg = Debug|Any CPU
		{DCDB4EB9-AD80-495C-856C-AD1BA7335B9E}.Debug|Any CPU.Build.0 = Debug|Any CPU
		{DCDB4EB9-AD80-495C-856C-AD1BA7335B9E}.Optimized|Any CPU.ActiveCfg = Release|Any CPU
		{DCDB4EB9-AD80-495C-856C-AD1BA7335B9E}.Optimized|Any CPU.Build.0 = Release|Any CPU
		{DCDB4EB9-AD80-495C-856C-AD1BA7335B9E}.Package Release|Any CPU.ActiveCfg = Release|Any CPU
		{DCDB4EB9-AD80-495C-856C-AD1BA7335B9E}.Package Release|Any CPU.Build.0 = Release|Any CPU
		{DCDB4EB9-AD80-495C-856C-AD1BA7335B9E}.Release|Any CPU.ActiveCfg = Release|Any CPU
		{DCDB4EB9-AD80-495C-856C-AD1BA7335B9E}.Release|Any CPU.Build.0 = Release|Any CPU
		{9873B05A-BBBF-44F4-B6D7-34C4D71A9CA3}.Debug|Any CPU.ActiveCfg = Debug|Any CPU
		{9873B05A-BBBF-44F4-B6D7-34C4D71A9CA3}.Debug|Any CPU.Build.0 = Debug|Any CPU
		{9873B05A-BBBF-44F4-B6D7-34C4D71A9CA3}.Optimized|Any CPU.ActiveCfg = Debug|Any CPU
		{9873B05A-BBBF-44F4-B6D7-34C4D71A9CA3}.Optimized|Any CPU.Build.0 = Debug|Any CPU
		{9873B05A-BBBF-44F4-B6D7-34C4D71A9CA3}.Package Release|Any CPU.ActiveCfg = Release|Any CPU
		{9873B05A-BBBF-44F4-B6D7-34C4D71A9CA3}.Package Release|Any CPU.Build.0 = Release|Any CPU
		{9873B05A-BBBF-44F4-B6D7-34C4D71A9CA3}.Release|Any CPU.ActiveCfg = Release|Any CPU
		{9873B05A-BBBF-44F4-B6D7-34C4D71A9CA3}.Release|Any CPU.Build.0 = Release|Any CPU
		{8D85E6E8-52A9-4094-B0A3-9856C4B29240}.Debug|Any CPU.ActiveCfg = Debug|x64
		{8D85E6E8-52A9-4094-B0A3-9856C4B29240}.Debug|Any CPU.Build.0 = Debug|x64
		{8D85E6E8-52A9-4094-B0A3-9856C4B29240}.Debug|Any CPU.Deploy.0 = Debug|x64
		{8D85E6E8-52A9-4094-B0A3-9856C4B29240}.Optimized|Any CPU.ActiveCfg = Debug|x64
		{8D85E6E8-52A9-4094-B0A3-9856C4B29240}.Optimized|Any CPU.Build.0 = Debug|x64
		{8D85E6E8-52A9-4094-B0A3-9856C4B29240}.Optimized|Any CPU.Deploy.0 = Debug|x64
		{8D85E6E8-52A9-4094-B0A3-9856C4B29240}.Package Release|Any CPU.ActiveCfg = Release|x64
		{8D85E6E8-52A9-4094-B0A3-9856C4B29240}.Package Release|Any CPU.Build.0 = Release|x64
		{8D85E6E8-52A9-4094-B0A3-9856C4B29240}.Package Release|Any CPU.Deploy.0 = Release|x64
		{8D85E6E8-52A9-4094-B0A3-9856C4B29240}.Release|Any CPU.ActiveCfg = Release|x64
		{8D85E6E8-52A9-4094-B0A3-9856C4B29240}.Release|Any CPU.Build.0 = Release|x64
		{8D85E6E8-52A9-4094-B0A3-9856C4B29240}.Release|Any CPU.Deploy.0 = Release|x64
		{56E17F12-AC15-414F-BCBB-56DEE408882B}.Debug|Any CPU.ActiveCfg = Debug|Any CPU
		{56E17F12-AC15-414F-BCBB-56DEE408882B}.Debug|Any CPU.Build.0 = Debug|Any CPU
		{56E17F12-AC15-414F-BCBB-56DEE408882B}.Optimized|Any CPU.ActiveCfg = Debug|Any CPU
		{56E17F12-AC15-414F-BCBB-56DEE408882B}.Optimized|Any CPU.Build.0 = Debug|Any CPU
		{56E17F12-AC15-414F-BCBB-56DEE408882B}.Package Release|Any CPU.ActiveCfg = Release|Any CPU
		{56E17F12-AC15-414F-BCBB-56DEE408882B}.Package Release|Any CPU.Build.0 = Release|Any CPU
		{56E17F12-AC15-414F-BCBB-56DEE408882B}.Release|Any CPU.ActiveCfg = Release|Any CPU
		{56E17F12-AC15-414F-BCBB-56DEE408882B}.Release|Any CPU.Build.0 = Release|Any CPU
		{5A7B4AA6-AEF5-4BAF-A12D-60BD75E21F99}.Debug|Any CPU.ActiveCfg = Debug|Any CPU
		{5A7B4AA6-AEF5-4BAF-A12D-60BD75E21F99}.Debug|Any CPU.Build.0 = Debug|Any CPU
		{5A7B4AA6-AEF5-4BAF-A12D-60BD75E21F99}.Optimized|Any CPU.ActiveCfg = Debug|Any CPU
		{5A7B4AA6-AEF5-4BAF-A12D-60BD75E21F99}.Optimized|Any CPU.Build.0 = Debug|Any CPU
		{5A7B4AA6-AEF5-4BAF-A12D-60BD75E21F99}.Package Release|Any CPU.ActiveCfg = Release|Any CPU
		{5A7B4AA6-AEF5-4BAF-A12D-60BD75E21F99}.Package Release|Any CPU.Build.0 = Release|Any CPU
		{5A7B4AA6-AEF5-4BAF-A12D-60BD75E21F99}.Release|Any CPU.ActiveCfg = Release|Any CPU
		{5A7B4AA6-AEF5-4BAF-A12D-60BD75E21F99}.Release|Any CPU.Build.0 = Release|Any CPU
	EndGlobalSection
	GlobalSection(SolutionProperties) = preSolution
		HideSolutionNode = FALSE
	EndGlobalSection
	GlobalSection(ExtensibilityGlobals) = postSolution
		SolutionGuid = {4FF7AE10-FCFB-49FB-AC2F-F40D2DF3F0A8}
	EndGlobalSection
EndGlobal
